
Microsoft Visual Studio Solution File, Format Version 12.00
Project("{FAE04EC0-301F-11D3-BF4B-00C04F79EFBC}") = "HW7", "HW7.csproj", "{B8D5F683-7B1D-48E3-9BAF-963556211D05}"
EndProject
Project("{FAE04EC0-301F-11D3-BF4B-00C04F79EFBC}") = "ClassLibrary", "ClassLibrary\ClassLibrary.csproj", "{D2B49D0E-BC3F-438F-844F-60172A648A2B}"
EndProject
Global
	GlobalSection(SolutionConfigurationPlatforms) = preSolution
		Debug|Any CPU = Debug|Any CPU
		Release|Any CPU = Release|Any CPU
	EndGlobalSection
	GlobalSection(ProjectConfigurationPlatforms) = postSolution
		{B8D5F683-7B1D-48E3-9BAF-963556211D05}.Debug|Any CPU.ActiveCfg = Debug|Any CPU
		{B8D5F683-7B1D-48E3-9BAF-963556211D05}.Debug|Any CPU.Build.0 = Debug|Any CPU
		{B8D5F683-7B1D-48E3-9BAF-963556211D05}.Release|Any CPU.ActiveCfg = Release|Any CPU
		{B8D5F683-7B1D-48E3-9BAF-963556211D05}.Release|Any CPU.Build.0 = Release|Any CPU
		{D2B49D0E-BC3F-438F-844F-60172A648A2B}.Debug|Any CPU.ActiveCfg = Debug|Any CPU
		{D2B49D0E-BC3F-438F-844F-60172A648A2B}.Debug|Any CPU.Build.0 = Debug|Any CPU
		{D2B49D0E-BC3F-438F-844F-60172A648A2B}.Release|Any CPU.ActiveCfg = Release|Any CPU
		{D2B49D0E-BC3F-438F-844F-60172A648A2B}.Release|Any CPU.Build.0 = Release|Any CPU
	EndGlobalSection
EndGlobal
